
Microsoft Visual Studio Solution File, Format Version 12.00
# Visual Studio 14
VisualStudioVersion = 14.0.25420.1
MinimumVisualStudioVersion = 10.0.40219.1
Project("{FAE04EC0-301F-11D3-BF4B-00C04F79EFBC}") = "NPCSManager", "NPCSManager\NPCSManager.csproj", "{61781830-3E73-40A9-86FE-3619BFB3ADC5}"
EndProject
Project("{FAE04EC0-301F-11D3-BF4B-00C04F79EFBC}") = "NPCSGui", "NPCSGui\NPCSGui.csproj", "{05724935-0CDC-457E-99FA-14D738A3E4B5}"
EndProject
Global
	GlobalSection(SolutionConfigurationPlatforms) = preSolution
		Debug|Any CPU = Debug|Any CPU
		Release|Any CPU = Release|Any CPU
	EndGlobalSection
	GlobalSection(ProjectConfigurationPlatforms) = postSolution
		{61781830-3E73-40A9-86FE-3619BFB3ADC5}.Debug|Any CPU.ActiveCfg = Debug|Any CPU
		{61781830-3E73-40A9-86FE-3619BFB3ADC5}.Debug|Any CPU.Build.0 = Debug|Any CPU
		{61781830-3E73-40A9-86FE-3619BFB3ADC5}.Release|Any CPU.ActiveCfg = Release|Any CPU
		{61781830-3E73-40A9-86FE-3619BFB3ADC5}.Release|Any CPU.Build.0 = Release|Any CPU
		{05724935-0CDC-457E-99FA-14D738A3E4B5}.Debug|Any CPU.ActiveCfg = Debug|Any CPU
		{05724935-0CDC-457E-99FA-14D738A3E4B5}.Debug|Any CPU.Build.0 = Debug|Any CPU
		{05724935-0CDC-457E-99FA-14D738A3E4B5}.Release|Any CPU.ActiveCfg = Release|Any CPU
		{05724935-0CDC-457E-99FA-14D738A3E4B5}.Release|Any CPU.Build.0 = Release|Any CPU
	EndGlobalSection
	GlobalSection(SolutionProperties) = preSolution
		HideSolutionNode = FALSE
	EndGlobalSection
EndGlobal
